
Microsoft Visual Studio Solution File, Format Version 12.00
# Visual Studio 15
VisualStudioVersion = 15.0.27428.2011
MinimumVisualStudioVersion = 10.0.40219.1
Project("{FAE04EC0-301F-11D3-BF4B-00C04F79EFBC}") = "Epam.Task06.BLL", "Epam.Task06.BLL\Epam.Task06.BLL.csproj", "{1A3328C4-B946-4AAA-868C-EAFEC11678A7}"
EndProject
Project("{2150E333-8FDC-42A3-9474-1A3956D46DE8}") = "PL", "PL", "{27C74A05-F64E-42C9-8FE7-FFD3197DCF31}"
EndProject
Project("{2150E333-8FDC-42A3-9474-1A3956D46DE8}") = "BLL", "BLL", "{74EAE0FB-E461-423A-8C50-4F869DE6CF68}"
EndProject
Project("{2150E333-8FDC-42A3-9474-1A3956D46DE8}") = "DAL", "DAL", "{F9482D8A-6A55-484B-A420-8A8E491D0E47}"
EndProject
Project("{FAE04EC0-301F-11D3-BF4B-00C04F79EFBC}") = "Epam.Task06.BLL.Interfaces", "Epam.Task06.BLL.Interfaces\Epam.Task06.BLL.Interfaces.csproj", "{FB18EDD2-B3B7-4B42-8D93-B3DEEBCA8F5F}"
EndProject
Project("{FAE04EC0-301F-11D3-BF4B-00C04F79EFBC}") = "Epam.Task06.ConsolePL", "Epam.Task06.ConsolePL\Epam.Task06.ConsolePL.csproj", "{AADFAAB6-7BFF-457F-965E-81867C0249CC}"
EndProject
Project("{FAE04EC0-301F-11D3-BF4B-00C04F79EFBC}") = "Epam.Task06.DAL", "Epam.Task06.DAL\Epam.Task06.DAL.csproj", "{31828EDC-59AA-489A-9EB4-F6680A978F39}"
EndProject
Project("{FAE04EC0-301F-11D3-BF4B-00C04F79EFBC}") = "Epam.Task06.DAL.Interface", "Epam.Task06.DAL.Interface\Epam.Task06.DAL.Interface.csproj", "{D8D8737E-09E9-463B-ABBD-B6534B279133}"
EndProject
Project("{2150E333-8FDC-42A3-9474-1A3956D46DE8}") = "Common", "Common", "{DAEF8350-B532-46DE-88A5-C69581BDD765}"
EndProject
Project("{FAE04EC0-301F-11D3-BF4B-00C04F79EFBC}") = "Epam.Task06.Entities", "Epam.Task06.Entities\Epam.Task06.Entities.csproj", "{2438AD90-B412-433B-801F-46BB18A9BECA}"
EndProject
Project("{FAE04EC0-301F-11D3-BF4B-00C04F79EFBC}") = "Epam.Task06.Common", "Epam.Task06.Common\Epam.Task06.Common.csproj", "{814E2080-3E89-46C7-AA8C-BC9109BCAF77}"
EndProject
Global
	GlobalSection(SolutionConfigurationPlatforms) = preSolution
		Debug|Any CPU = Debug|Any CPU
		Release|Any CPU = Release|Any CPU
	EndGlobalSection
	GlobalSection(ProjectConfigurationPlatforms) = postSolution
		{1A3328C4-B946-4AAA-868C-EAFEC11678A7}.Debug|Any CPU.ActiveCfg = Debug|Any CPU
		{1A3328C4-B946-4AAA-868C-EAFEC11678A7}.Debug|Any CPU.Build.0 = Debug|Any CPU
		{1A3328C4-B946-4AAA-868C-EAFEC11678A7}.Release|Any CPU.ActiveCfg = Release|Any CPU
		{1A3328C4-B946-4AAA-868C-EAFEC11678A7}.Release|Any CPU.Build.0 = Release|Any CPU
		{FB18EDD2-B3B7-4B42-8D93-B3DEEBCA8F5F}.Debug|Any CPU.ActiveCfg = Debug|Any CPU
		{FB18EDD2-B3B7-4B42-8D93-B3DEEBCA8F5F}.Debug|Any CPU.Build.0 = Debug|Any CPU
		{FB18EDD2-B3B7-4B42-8D93-B3DEEBCA8F5F}.Release|Any CPU.ActiveCfg = Release|Any CPU
		{FB18EDD2-B3B7-4B42-8D93-B3DEEBCA8F5F}.Release|Any CPU.Build.0 = Release|Any CPU
		{AADFAAB6-7BFF-457F-965E-81867C0249CC}.Debug|Any CPU.ActiveCfg = Debug|Any CPU
		{AADFAAB6-7BFF-457F-965E-81867C0249CC}.Debug|Any CPU.Build.0 = Debug|Any CPU
		{AADFAAB6-7BFF-457F-965E-81867C0249CC}.Release|Any CPU.ActiveCfg = Release|Any CPU
		{AADFAAB6-7BFF-457F-965E-81867C0249CC}.Release|Any CPU.Build.0 = Release|Any CPU
		{31828EDC-59AA-489A-9EB4-F6680A978F39}.Debug|Any CPU.ActiveCfg = Debug|Any CPU
		{31828EDC-59AA-489A-9EB4-F6680A978F39}.Debug|Any CPU.Build.0 = Debug|Any CPU
		{31828EDC-59AA-489A-9EB4-F6680A978F39}.Release|Any CPU.ActiveCfg = Release|Any CPU
		{31828EDC-59AA-489A-9EB4-F6680A978F39}.Release|Any CPU.Build.0 = Release|Any CPU
		{D8D8737E-09E9-463B-ABBD-B6534B279133}.Debug|Any CPU.ActiveCfg = Debug|Any CPU
		{D8D8737E-09E9-463B-ABBD-B6534B279133}.Debug|Any CPU.Build.0 = Debug|Any CPU
		{D8D8737E-09E9-463B-ABBD-B6534B279133}.Release|Any CPU.ActiveCfg = Release|Any CPU
		{D8D8737E-09E9-463B-ABBD-B6534B279133}.Release|Any CPU.Build.0 = Release|Any CPU
		{2438AD90-B412-433B-801F-46BB18A9BECA}.Debug|Any CPU.ActiveCfg = Debug|Any CPU
		{2438AD90-B412-433B-801F-46BB18A9BECA}.Debug|Any CPU.Build.0 = Debug|Any CPU
		{2438AD90-B412-433B-801F-46BB18A9BECA}.Release|Any CPU.ActiveCfg = Release|Any CPU
		{2438AD90-B412-433B-801F-46BB18A9BECA}.Release|Any CPU.Build.0 = Release|Any CPU
		{814E2080-3E89-46C7-AA8C-BC9109BCAF77}.Debug|Any CPU.ActiveCfg = Debug|Any CPU
		{814E2080-3E89-46C7-AA8C-BC9109BCAF77}.Debug|Any CPU.Build.0 = Debug|Any CPU
		{814E2080-3E89-46C7-AA8C-BC9109BCAF77}.Release|Any CPU.ActiveCfg = Release|Any CPU
		{814E2080-3E89-46C7-AA8C-BC9109BCAF77}.Release|Any CPU.Build.0 = Release|Any CPU
	EndGlobalSection
	GlobalSection(SolutionProperties) = preSolution
		HideSolutionNode = FALSE
	EndGlobalSection
	GlobalSection(NestedProjects) = preSolution
		{1A3328C4-B946-4AAA-868C-EAFEC11678A7} = {74EAE0FB-E461-423A-8C50-4F869DE6CF68}
		{FB18EDD2-B3B7-4B42-8D93-B3DEEBCA8F5F} = {74EAE0FB-E461-423A-8C50-4F869DE6CF68}
		{AADFAAB6-7BFF-457F-965E-81867C0249CC} = {27C74A05-F64E-42C9-8FE7-FFD3197DCF31}
		{31828EDC-59AA-489A-9EB4-F6680A978F39} = {F9482D8A-6A55-484B-A420-8A8E491D0E47}
		{D8D8737E-09E9-463B-ABBD-B6534B279133} = {F9482D8A-6A55-484B-A420-8A8E491D0E47}
		{2438AD90-B412-433B-801F-46BB18A9BECA} = {DAEF8350-B532-46DE-88A5-C69581BDD765}
		{814E2080-3E89-46C7-AA8C-BC9109BCAF77} = {DAEF8350-B532-46DE-88A5-C69581BDD765}
	EndGlobalSection
	GlobalSection(ExtensibilityGlobals) = postSolution
		SolutionGuid = {8F168D5C-2EFA-4F6E-BF22-E67BF9AB9AE5}
	EndGlobalSection
EndGlobal
